
Microsoft Visual Studio Solution File, Format Version 12.00
# Visual Studio 15
VisualStudioVersion = 15.0.27428.2005
MinimumVisualStudioVersion = 10.0.40219.1
Project("{FAE04EC0-301F-11D3-BF4B-00C04F79EFBC}") = "Project_16HCB_View", "Project_16HCB_View\Project_16HCB_View.csproj", "{325F8467-B9B7-489A-BC15-5EFF3AE86300}"
EndProject
Global
	GlobalSection(SolutionConfigurationPlatforms) = preSolution
		Debug|Any CPU = Debug|Any CPU
		Release|Any CPU = Release|Any CPU
	EndGlobalSection
	GlobalSection(ProjectConfigurationPlatforms) = postSolution
		{325F8467-B9B7-489A-BC15-5EFF3AE86300}.Debug|Any CPU.ActiveCfg = Debug|Any CPU
		{325F8467-B9B7-489A-BC15-5EFF3AE86300}.Debug|Any CPU.Build.0 = Debug|Any CPU
		{325F8467-B9B7-489A-BC15-5EFF3AE86300}.Release|Any CPU.ActiveCfg = Release|Any CPU
		{325F8467-B9B7-489A-BC15-5EFF3AE86300}.Release|Any CPU.Build.0 = Release|Any CPU
	EndGlobalSection
	GlobalSection(SolutionProperties) = preSolution
		HideSolutionNode = FALSE
	EndGlobalSection
	GlobalSection(ExtensibilityGlobals) = postSolution
		SolutionGuid = {1A1BB5F8-D8B8-40A8-9B02-0F1BF1538445}
	EndGlobalSection
EndGlobal
