
Microsoft Visual Studio Solution File, Format Version 12.00
# Visual Studio 15
VisualStudioVersion = 15.0.27428.2005
MinimumVisualStudioVersion = 10.0.40219.1
Project("{FAE04EC0-301F-11D3-BF4B-00C04F79EFBC}") = "APP_VANTAY", "APP_VANTAY\APP_VANTAY.csproj", "{A288227F-714F-4EC8-99C4-19E6B0B58CD4}"
EndProject
Project("{FAE04EC0-301F-11D3-BF4B-00C04F79EFBC}") = "DTO", "DTO\DTO.csproj", "{5BCE66B4-335D-4B13-A372-4405B3C50AA3}"
EndProject
Global
	GlobalSection(SolutionConfigurationPlatforms) = preSolution
		Debug|Any CPU = Debug|Any CPU
		Release|Any CPU = Release|Any CPU
	EndGlobalSection
	GlobalSection(ProjectConfigurationPlatforms) = postSolution
		{A288227F-714F-4EC8-99C4-19E6B0B58CD4}.Debug|Any CPU.ActiveCfg = Debug|Any CPU
		{A288227F-714F-4EC8-99C4-19E6B0B58CD4}.Debug|Any CPU.Build.0 = Debug|Any CPU
		{A288227F-714F-4EC8-99C4-19E6B0B58CD4}.Release|Any CPU.ActiveCfg = Release|Any CPU
		{A288227F-714F-4EC8-99C4-19E6B0B58CD4}.Release|Any CPU.Build.0 = Release|Any CPU
		{5BCE66B4-335D-4B13-A372-4405B3C50AA3}.Debug|Any CPU.ActiveCfg = Debug|Any CPU
		{5BCE66B4-335D-4B13-A372-4405B3C50AA3}.Debug|Any CPU.Build.0 = Debug|Any CPU
		{5BCE66B4-335D-4B13-A372-4405B3C50AA3}.Release|Any CPU.ActiveCfg = Release|Any CPU
		{5BCE66B4-335D-4B13-A372-4405B3C50AA3}.Release|Any CPU.Build.0 = Release|Any CPU
	EndGlobalSection
	GlobalSection(SolutionProperties) = preSolution
		HideSolutionNode = FALSE
	EndGlobalSection
	GlobalSection(ExtensibilityGlobals) = postSolution
		SolutionGuid = {C4BBE835-E921-47F0-B54E-7F2C48385442}
	EndGlobalSection
EndGlobal
