
Microsoft Visual Studio Solution File, Format Version 12.00
# Visual Studio 15
VisualStudioVersion = 15.0.27428.2005
MinimumVisualStudioVersion = 10.0.40219.1
Project("{FAE04EC0-301F-11D3-BF4B-00C04F79EFBC}") = "DangKyMail", "DangKyMail\DangKyMail.csproj", "{13CBDE19-4440-4B72-9B75-F2211E484341}"
EndProject
Project("{FAE04EC0-301F-11D3-BF4B-00C04F79EFBC}") = "DAO", "DAO\DAO.csproj", "{2D6DC86F-D30B-499B-8CAE-56CAF65F72D5}"
EndProject
Global
	GlobalSection(SolutionConfigurationPlatforms) = preSolution
		Debug|Any CPU = Debug|Any CPU
		Release|Any CPU = Release|Any CPU
	EndGlobalSection
	GlobalSection(ProjectConfigurationPlatforms) = postSolution
		{13CBDE19-4440-4B72-9B75-F2211E484341}.Debug|Any CPU.ActiveCfg = Debug|Any CPU
		{13CBDE19-4440-4B72-9B75-F2211E484341}.Debug|Any CPU.Build.0 = Debug|Any CPU
		{13CBDE19-4440-4B72-9B75-F2211E484341}.Release|Any CPU.ActiveCfg = Release|Any CPU
		{13CBDE19-4440-4B72-9B75-F2211E484341}.Release|Any CPU.Build.0 = Release|Any CPU
		{2D6DC86F-D30B-499B-8CAE-56CAF65F72D5}.Debug|Any CPU.ActiveCfg = Debug|Any CPU
		{2D6DC86F-D30B-499B-8CAE-56CAF65F72D5}.Debug|Any CPU.Build.0 = Debug|Any CPU
		{2D6DC86F-D30B-499B-8CAE-56CAF65F72D5}.Release|Any CPU.ActiveCfg = Release|Any CPU
		{2D6DC86F-D30B-499B-8CAE-56CAF65F72D5}.Release|Any CPU.Build.0 = Release|Any CPU
	EndGlobalSection
	GlobalSection(SolutionProperties) = preSolution
		HideSolutionNode = FALSE
	EndGlobalSection
	GlobalSection(ExtensibilityGlobals) = postSolution
		SolutionGuid = {662EFE6E-B424-4C8E-9334-0B14022837A2}
	EndGlobalSection
EndGlobal
